<?xml version="1.0" encoding="utf-8"?>
<Project ToolsVersion="4.0" xmlns="http://schemas.microsoft.com/developer/msbuild/2003">
  <ItemGroup>
    <Filter Include="Quelldateien">
      <UniqueIdentifier>{4FC737F1-C7A5-4376-A066-2A32D752A2FF}</UniqueIdentifier>
      <Extensions>cpp;c;cc;cxx;c++;cppm;ixx;def;odl;idl;hpj;bat;asm;asmx</Extensions>
    </Filter>
    <Filter Include="Headerdateien">
      <UniqueIdentifier>{93995380-89BD-4b04-88EB-625FBE52EBFB}</UniqueIdentifier>
      <Extensions>h;hh;hpp;hxx;h++;hm;inl;inc;ipp;xsd</Extensions>
    </Filter>
    <Filter Include="Ressourcendateien">
      <UniqueIdentifier>{67DA6AB6-F800-4c08-8B7A-83BB121AAD01}</UniqueIdentifier>
      <Extensions>rc;ico;cur;bmp;dlg;rc2;rct;bin;rgs;gif;jpg;jpeg;jpe;resx;tiff;tif;png;wav;mfcribbon-ms</Extensions>
    </Filter>
    <Filter Include="ParticleEngine">
      <UniqueIdentifier>{57d31216-6ab2-4eca-a504-9807a115a14c}</UniqueIdentifier>
    </Filter>
    <Filter Include="ParticleEngine\Headerdateien">
      <UniqueIdentifier>{d26c435e-5c1d-4190-8214-03aa692e970c}</UniqueIdentifier>
    </Filter>
    <Filter Include="ParticleEngine\Quelldateien">
      <UniqueIdentifier>{9fb50a7e-a927-4ece-8f7b-b593f865ef22}</UniqueIdentifier>
    </Filter>
    <Filter Include="ParticleForces">
      <UniqueIdentifier>{83b4ceb2-c635-47e9-8fe4-b15752ee57ef}</UniqueIdentifier>
    </Filter>
    <Filter Include="ParticleForces\Headerdateien">
      <UniqueIdentifier>{7105edf8-5369-451e-a558-7c3094bf438a}</UniqueIdentifier>
    </Filter>
    <Filter Include="ParticleForces\Quelldateien">
      <UniqueIdentifier>{6d312395-9659-4a49-b79e-64d650f7837f}</UniqueIdentifier>
    </Filter>
    <Filter Include="ParticleContacts">
      <UniqueIdentifier>{c1ae67e3-e46b-42ad-b1f7-1e16c7955e9d}</UniqueIdentifier>
    </Filter>
    <Filter Include="ParticleContacts\Headerdateien">
      <UniqueIdentifier>{15a5f629-f883-47f8-87da-5be20e32e268}</UniqueIdentifier>
    </Filter>
    <Filter Include="ParticleContacts\Quelldateien">
      <UniqueIdentifier>{fb9ac715-b64c-4a36-993b-6b0b539b6228}</UniqueIdentifier>
    </Filter>
  </ItemGroup>
  <ItemGroup>
    <ClInclude Include="Vector3D.h">
      <Filter>Headerdateien</Filter>
    </ClInclude>
    <ClInclude Include="PhysicsEngineModule.h">
      <Filter>Headerdateien</Filter>
    </ClInclude>
    <ClInclude Include="Particle.h">
      <Filter>ParticleEngine\Headerdateien</Filter>
    </ClInclude>
    <ClInclude Include="ParticleWorld.h">
      <Filter>ParticleEngine\Headerdateien</Filter>
    </ClInclude>
    <ClInclude Include="ParticleForceRegistry.h">
      <Filter>ParticleForces\Headerdateien</Filter>
    </ClInclude>
    <ClInclude Include="IParticleForceGenerator.h">
      <Filter>ParticleForces\Headerdateien</Filter>
    </ClInclude>
    <ClInclude Include="Random.h">
      <Filter>Headerdateien</Filter>
    </ClInclude>
    <ClInclude Include="ParticleGravityForce.h">
      <Filter>ParticleForces\Headerdateien</Filter>
    </ClInclude>
    <ClInclude Include="ParticleAnchoredBungee.h">
      <Filter>ParticleForces\Headerdateien</Filter>
    </ClInclude>
    <ClInclude Include="ParticleAnchoredSpring.h">
      <Filter>ParticleForces\Headerdateien</Filter>
    </ClInclude>
    <ClInclude Include="ParticleBungee.h">
      <Filter>ParticleForces\Headerdateien</Filter>
    </ClInclude>
    <ClInclude Include="ParticleSpring.h">
      <Filter>ParticleForces\Headerdateien</Filter>
    </ClInclude>
    <ClInclude Include="ParticleSpringLike.h">
      <Filter>ParticleForces\Headerdateien</Filter>
    </ClInclude>
    <ClInclude Include="ParticleFloatage.h">
      <Filter>ParticleForces\Headerdateien</Filter>
    </ClInclude>
    <ClInclude Include="ParticleTyphoon.h">
      <Filter>ParticleForces\Headerdateien</Filter>
    </ClInclude>
    <ClInclude Include="ParticleContact.h">
      <Filter>ParticleContacts\Headerdateien</Filter>
    </ClInclude>
    <ClInclude Include="IParticleContactGenerator.hpp">
      <Filter>ParticleContacts\Headerdateien</Filter>
    </ClInclude>
    <ClInclude Include="FixedSizeContainer.h">
      <Filter>Headerdateien</Filter>
    </ClInclude>
    <ClInclude Include="ParticleCable.h">
      <Filter>ParticleContacts\Headerdateien</Filter>
    </ClInclude>
    <ClInclude Include="ParticleLink.h">
      <Filter>ParticleContacts\Headerdateien</Filter>
    </ClInclude>
    <ClInclude Include="ParticleContactRegistry.h">
      <Filter>ParticleContacts\Headerdateien</Filter>
    </ClInclude>
    <ClInclude Include="ParticleContactResolver.h">
      <Filter>ParticleEngine\Headerdateien</Filter>
    </ClInclude>
    <ClInclude Include="ParticleCollision.h">
      <Filter>Headerdateien</Filter>
    </ClInclude>
  </ItemGroup>
  <ItemGroup>
    <ClCompile Include="Vector3D.cpp">
      <Filter>Quelldateien</Filter>
    </ClCompile>
    <ClCompile Include="PhysicsEngineModule.cpp">
      <Filter>Quelldateien</Filter>
    </ClCompile>
    <ClCompile Include="Particle.cpp">
      <Filter>ParticleEngine\Quelldateien</Filter>
    </ClCompile>
    <ClCompile Include="ParticleWorld.cpp">
      <Filter>ParticleEngine\Quelldateien</Filter>
    </ClCompile>
    <ClCompile Include="ParticleForceRegistry.cpp">
      <Filter>ParticleForces\Quelldateien</Filter>
    </ClCompile>
    <ClCompile Include="IParticleForceGenerator.cpp">
      <Filter>ParticleForces\Quelldateien</Filter>
    </ClCompile>
    <ClCompile Include="Random.cpp">
      <Filter>Quelldateien</Filter>
    </ClCompile>
    <ClCompile Include="ParticleGravityForce.cpp">
      <Filter>ParticleForces\Quelldateien</Filter>
    </ClCompile>
    <ClCompile Include="ParticleAnchoredBungee.cpp">
      <Filter>ParticleForces\Quelldateien</Filter>
    </ClCompile>
    <ClCompile Include="ParticleAnchoredSpring.cpp">
      <Filter>ParticleForces\Quelldateien</Filter>
    </ClCompile>
    <ClCompile Include="ParticleBungee.cpp">
      <Filter>ParticleForces\Quelldateien</Filter>
    </ClCompile>
    <ClCompile Include="ParticleSpring.cpp">
      <Filter>ParticleForces\Quelldateien</Filter>
    </ClCompile>
    <ClCompile Include="ParticleSpringLike.cpp">
      <Filter>ParticleForces\Quelldateien</Filter>
    </ClCompile>
    <ClCompile Include="ParticleFloatage.cpp">
      <Filter>ParticleForces\Quelldateien</Filter>
    </ClCompile>
    <ClCompile Include="ParticleTyphoon.cpp">
      <Filter>ParticleForces\Quelldateien</Filter>
    </ClCompile>
    <ClCompile Include="ParticleContact.cpp">
      <Filter>ParticleContacts\Quelldateien</Filter>
    </ClCompile>
    <ClCompile Include="ParticleLink.cpp">
      <Filter>ParticleContacts\Quelldateien</Filter>
    </ClCompile>
    <ClCompile Include="ParticleCable.cpp">
      <Filter>ParticleContacts\Quelldateien</Filter>
    </ClCompile>
    <ClCompile Include="ParticleContactRegistry.cpp">
      <Filter>ParticleContacts\Quelldateien</Filter>
    </ClCompile>
    <ClCompile Include="ParticleContactResolver.cpp">
      <Filter>ParticleEngine\Quelldateien</Filter>
    </ClCompile>
    <ClCompile Include="ParticleCollision.cpp">
      <Filter>Quelldateien</Filter>
    </ClCompile>
  </ItemGroup>
  <ItemGroup>
    <None Include="FixedSizeContainer.inl">
      <Filter>Quelldateien</Filter>
    </None>
  </ItemGroup>
</Project>